{
  "version": 4,
  "terraform_version": "1.3.9",
  "serial": 55,
  "lineage": "15138acf-cbc8-6ba5-b43d-dfec939be1c9",
  "outputs": {
    "URL": {
      "value": "http://20.124.178.111",
      "type": "string"
    }
  },
  "resources": [
    {
      "mode": "managed",
      "type": "azurerm_linux_virtual_machine_scale_set",
      "name": "linux_vmss",
      "provider": "provider[\"registry.terraform.io/hashicorp/azurerm\"]",
      "instances": [
        {
          "schema_version": 0,
          "attributes": {
            "additional_capabilities": [],
            "admin_password": null,
            "admin_ssh_key": [
              {
                "public_key": "ssh-rsa AAAAB3NzaC1yc2EAAAADAQABAAACAQCx/GZQu8Qjz35Ruy4R0qvyuXF8yyivsQ59nUWwBOpAhAwp8dGj/9lGwTPbw/ViDRSa65c7JVlPnI1Ysr/ssBvtOJtMShiOKw7WBE6kBLiTXaeeFlIzrD3/FIXXMUVig2lVCVib3sE6oyJENUbBAwPi/0MUbbb2ZndewMigJkV0y6ZM2Nl1NQ7xEp47mSNTVzQVtU/6eUrAK0PPFrfRBFfeShSZjw8j3HEXnUvbxnNPkyYRxSU08iNYeYxswd7FaZnHaxkxZMEvOiAkQ/gF1nMFoNkMu+n8bLnESBtbq8w0TALUyTs5HotSaLqQsk+KC6aOeXpNwj//gFELdZ8KpoVDMXLZRZNb5ebmj4agkczpew8f9n+0IdivucCWs9YuIULaFr0LbTPxzRFgoNoAE6ikVn6OcUvILvCVkzt23OCzy/S/majktGoA0jSI/XCLMPBhaMdXkWagL/m+nRQ0e70e6tYpxJ4KrJt/RUFbr7CV/CPLfPDGPxRPztMvORuhaWPQZKSlp9UUMqsejEdvpwcKEL36xXpI2AQ1BrzXsvO1jC37kNlwmrMjwqYmqoagnEK3wRBvffuAmwqFFU8/4EvgRVaxPB9rsH2kjXZSUkJyMNTo/7VtOF+cogDhDpfYMQhidGn/PMxxUYfcY4k9tEx+DreoVFlC+XrdHc1+dlbGkw==\n",
                "username": "demouser"
              }
            ],
            "admin_username": "demouser",
            "automatic_instance_repair": [
              {
                "enabled": false,
                "grace_period": "PT30M"
              }
            ],
            "automatic_os_upgrade_policy": [],
            "boot_diagnostics": [],
            "capacity_reservation_group_id": "",
            "computer_name_prefix": "myvmss",
            "custom_data": null,
            "data_disk": [],
            "disable_password_authentication": true,
            "do_not_run_extensions_on_overprovisioned_machines": false,
            "edge_zone": "",
            "encryption_at_host_enabled": false,
            "eviction_policy": "",
            "extension": [],
            "extension_operations_enabled": true,
            "extensions_time_budget": "PT1H30M",
            "gallery_application": null,
            "gallery_applications": null,
            "health_probe_id": "",
            "host_group_id": null,
            "id": "/subscriptions/f8b9b693-fc66-4e1b-a547-110404abc3c3/resourceGroups/mysap2802aqdd/providers/Microsoft.Compute/virtualMachineScaleSets/myvmss",
            "identity": [],
            "instances": 2,
            "location": "eastus",
            "max_bid_price": -1,
            "name": "myvmss",
            "network_interface": [
              {
                "dns_servers": null,
                "enable_accelerated_networking": false,
                "enable_ip_forwarding": false,
                "ip_configuration": [
                  {
                    "application_gateway_backend_address_pool_ids": null,
                    "application_security_group_ids": null,
                    "load_balancer_backend_address_pool_ids": [
                      "/subscriptions/f8b9b693-fc66-4e1b-a547-110404abc3c3/resourceGroups/mysap2802aqdd/providers/Microsoft.Network/loadBalancers/saplb/backendAddressPools/BackEndAddressPool"
                    ],
                    "load_balancer_inbound_nat_rules_ids": null,
                    "name": "myipconfig",
                    "primary": true,
                    "public_ip_address": [],
                    "subnet_id": "/subscriptions/f8b9b693-fc66-4e1b-a547-110404abc3c3/resourceGroups/mysap2802aqdd/providers/Microsoft.Network/virtualNetworks/sapvnet/subnets/sapsubnet",
                    "version": "IPv4"
                  }
                ],
                "name": "mynic",
                "network_security_group_id": "/subscriptions/f8b9b693-fc66-4e1b-a547-110404abc3c3/resourceGroups/mysap2802aqdd/providers/Microsoft.Network/networkSecurityGroups/ssh-nsg",
                "primary": true
              }
            ],
            "os_disk": [
              {
                "caching": "ReadWrite",
                "diff_disk_settings": [],
                "disk_encryption_set_id": "",
                "disk_size_gb": 30,
                "secure_vm_disk_encryption_set_id": "",
                "security_encryption_type": "",
                "storage_account_type": "Standard_LRS",
                "write_accelerator_enabled": false
              }
            ],
            "overprovision": true,
            "plan": [],
            "platform_fault_domain_count": 5,
            "priority": "Regular",
            "provision_vm_agent": true,
            "proximity_placement_group_id": "",
            "resource_group_name": "mysap2802aqdd",
            "rolling_upgrade_policy": [],
            "scale_in": [
              {
                "force_deletion_enabled": false,
                "rule": "Default"
              }
            ],
            "scale_in_policy": "Default",
            "secret": [],
            "secure_boot_enabled": false,
            "single_placement_group": true,
            "sku": "Standard_B2ms",
            "source_image_id": "",
            "source_image_reference": [
              {
                "offer": "UbuntuServer",
                "publisher": "Canonical",
                "sku": "16.04-LTS",
                "version": "latest"
              }
            ],
            "spot_restore": null,
            "tags": null,
            "terminate_notification": null,
            "termination_notification": null,
            "timeouts": null,
            "unique_id": "9286fc19-deb0-40e7-973f-ea0ba7bc0a26",
            "upgrade_mode": "Automatic",
            "user_data": "",
            "vtpm_enabled": false,
            "zone_balance": true,
            "zones": [
              "1",
              "2",
              "3"
            ]
          },
          "sensitive_attributes": [],
          "private": "eyJlMmJmYjczMC1lY2FhLTExZTYtOGY4OC0zNDM2M2JjN2M0YzAiOnsiY3JlYXRlIjozNjAwMDAwMDAwMDAwLCJkZWxldGUiOjM2MDAwMDAwMDAwMDAsInJlYWQiOjMwMDAwMDAwMDAwMCwidXBkYXRlIjozNjAwMDAwMDAwMDAwfX0=",
          "dependencies": [
            "module.lb.azurerm_lb.saplb",
            "module.lb.azurerm_lb_backend_address_pool.bpepool",
            "module.lb.azurerm_lb_probe.sapprobe",
            "module.lb.azurerm_lb_rule.lbrule",
            "module.network.azurerm_public_ip.sappubip",
            "module.network.azurerm_subnet.sapsubnet",
            "module.network.azurerm_virtual_network.sapvnet",
            "module.nsg.azurerm_network_security_group.sapnsg",
            "module.rg.azurerm_resource_group.saprg",
            "module.rg.random_string.sapid",
            "tls_private_key.sap_ssh"
          ]
        }
      ]
    },
    {
      "mode": "managed",
      "type": "null_resource",
      "name": "installansible",
      "provider": "provider[\"registry.terraform.io/hashicorp/null\"]",
      "instances": [
        {
          "index_key": "2000",
          "schema_version": 0,
          "attributes": {
            "id": "4174938870076477628",
            "triggers": {
              "always_run": "2023-02-28T11:27:23Z"
            }
          },
          "sensitive_attributes": [],
          "dependencies": [
            "azurerm_linux_virtual_machine_scale_set.linux_vmss",
            "module.lb.azurerm_lb.saplb",
            "module.lb.azurerm_lb_backend_address_pool.bpepool",
            "module.lb.azurerm_lb_probe.sapprobe",
            "module.lb.azurerm_lb_rule.lbrule",
            "module.network.azurerm_public_ip.sappubip",
            "module.network.azurerm_subnet.sapsubnet",
            "module.network.azurerm_virtual_network.sapvnet",
            "module.nsg.azurerm_network_security_group.sapnsg",
            "module.rg.azurerm_resource_group.saprg",
            "module.rg.random_string.sapid",
            "tls_private_key.sap_ssh"
          ]
        },
        {
          "index_key": "2001",
          "schema_version": 0,
          "attributes": {
            "id": "816998649889628420",
            "triggers": {
              "always_run": "2023-02-28T11:27:23Z"
            }
          },
          "sensitive_attributes": [],
          "dependencies": [
            "azurerm_linux_virtual_machine_scale_set.linux_vmss",
            "module.lb.azurerm_lb.saplb",
            "module.lb.azurerm_lb_backend_address_pool.bpepool",
            "module.lb.azurerm_lb_probe.sapprobe",
            "module.lb.azurerm_lb_rule.lbrule",
            "module.network.azurerm_public_ip.sappubip",
            "module.network.azurerm_subnet.sapsubnet",
            "module.network.azurerm_virtual_network.sapvnet",
            "module.nsg.azurerm_network_security_group.sapnsg",
            "module.rg.azurerm_resource_group.saprg",
            "module.rg.random_string.sapid",
            "tls_private_key.sap_ssh"
          ]
        }
      ]
    },
    {
      "mode": "managed",
      "type": "null_resource",
      "name": "test",
      "provider": "provider[\"registry.terraform.io/hashicorp/null\"]",
      "instances": [
        {
          "index_key": "foo",
          "schema_version": 0,
          "attributes": {
            "id": "7604338574942242782",
            "triggers": {
              "foo": "foo"
            }
          },
          "sensitive_attributes": []
        }
      ]
    },
    {
      "mode": "managed",
      "type": "tls_private_key",
      "name": "sap_ssh",
      "provider": "provider[\"registry.terraform.io/hashicorp/tls\"]",
      "instances": [
        {
          "schema_version": 1,
          "attributes": {
            "algorithm": "RSA",
            "ecdsa_curve": "P224",
            "id": "e5ff0815d80eb9fe2e2fe14a8ee6e3fa7b1e0e66",
            "private_key_openssh": "-----BEGIN OPENSSH PRIVATE KEY-----\nb3BlbnNzaC1rZXktdjEAAAAABG5vbmUAAAAEbm9uZQAAAAAAAAABAAACFwAAAAdz\nc2gtcnNhAAAAAwEAAQAAAgEAsfxmULvEI89+UbsuEdKr8rlxfMsor7EOfZ1FsATq\nQIQMKfHRo//ZRsEz28P1Yg0UmuuXOyVZT5yNWLK/7LAb7TibTEoYjisO1gROpAS4\nk12nnhZSM6w9/xSF1zFFYoNpVQlYm97BOqMiRDVGwQMD4v9DFG229mZ3XsDIoCZF\ndMumTNjZdTUO8RKeO5kjU1c0FbVP+nlKwCtDzxa30QRX3koUmY8PI9xxF51L28Zz\nT5MmEcUlNPIjWHmMbMHexWmZx2sZMWTBLzogJEP4BdZzBaDZDLvp/Gy5xEgbW6vM\nNEwC1Mk7OR6LUmi6kLJPigumjnl6TcI//4BRC3WfCqaFQzFy2UWTW+Xm5o+GoJHM\n6XsPH/Z/tCHYr7nAlrPWLiFC2ha9C20z8c0RYKDaABOopFZ+jnFLyC7wlZM7dtzg\ns8v0v5mo5LRqANI0iP1wizDwYWjHV5FmoC/5vp0UNHu9HurWKcSeCqybf0VBW6+w\nlfwjy3zwxj8UT87TLzkboWlj0GSkpafVFDKrHoxHb6cHChC9+sV6SNgENQa817Lz\ntYwt+5DZcJqzI8KmJqqGoJxCt8EQb337gJsKhRVPP+BL4EVWsTwfa7B9pI12UlJC\ncjDU6P+1bThfnKIA4Q6X2DEIYnRp/zzMcVGH3GOJPbRMfg63qFRZQvl63R3NfnZW\nxpMAAAc45tke6ObZHugAAAAHc3NoLXJzYQAAAgEAsfxmULvEI89+UbsuEdKr8rlx\nfMsor7EOfZ1FsATqQIQMKfHRo//ZRsEz28P1Yg0UmuuXOyVZT5yNWLK/7LAb7Tib\nTEoYjisO1gROpAS4k12nnhZSM6w9/xSF1zFFYoNpVQlYm97BOqMiRDVGwQMD4v9D\nFG229mZ3XsDIoCZFdMumTNjZdTUO8RKeO5kjU1c0FbVP+nlKwCtDzxa30QRX3koU\nmY8PI9xxF51L28ZzT5MmEcUlNPIjWHmMbMHexWmZx2sZMWTBLzogJEP4BdZzBaDZ\nDLvp/Gy5xEgbW6vMNEwC1Mk7OR6LUmi6kLJPigumjnl6TcI//4BRC3WfCqaFQzFy\n2UWTW+Xm5o+GoJHM6XsPH/Z/tCHYr7nAlrPWLiFC2ha9C20z8c0RYKDaABOopFZ+\njnFLyC7wlZM7dtzgs8v0v5mo5LRqANI0iP1wizDwYWjHV5FmoC/5vp0UNHu9HurW\nKcSeCqybf0VBW6+wlfwjy3zwxj8UT87TLzkboWlj0GSkpafVFDKrHoxHb6cHChC9\n+sV6SNgENQa817LztYwt+5DZcJqzI8KmJqqGoJxCt8EQb337gJsKhRVPP+BL4EVW\nsTwfa7B9pI12UlJCcjDU6P+1bThfnKIA4Q6X2DEIYnRp/zzMcVGH3GOJPbRMfg63\nqFRZQvl63R3NfnZWxpMAAAADAQABAAACAQCAdS5TLnGNdwAwdOv3KRm5AWaLLwWa\naCuRNaVKOQHotmUhEMrBlrJ2gpKvFmtP7Sjl9wsbQQWIk/DgB4LFjQVa3PQYx5GZ\najI2/LzVXCLrGTkUu/9wE+xa4bEHcyQkybuICErPlKHZdEwS9nCudUKk3p7Ha7gV\ndjbJSFKEY5rVhPXtmMS59yVlkI5rbUc1q0aINGgY2tm8gH1cRYU9cekJImZjvgCr\nXTqyVHCfmkc3M3jScns8D1a7UF6tT+88g87dQsrX/2P+dfEku3mSnQg/E6wTqLxj\n1wTsSS6VpxSm2gVhFiuMOiNLwxKDxG3rsCTxx3MiFASknzPfFXFH+o9KjwLRCGKt\ndXqWocKC2CwMDbPVE/K3O2WAxPtviZx/FdaYSExderQsfkfIX/NuQ4V6BrjmyCvN\nWFgpQToKUqwHjUysGwMIx/9xxDbRZv/Sp8SNBwKFJ05NSLUulTrJDhWSHjPiQkk0\n7IwCOPJLU48+ZmcT+qsCyHv/QHkSoui32nm/nzEgvR/mOxwaegKdPap+X1TyiU9E\nQe9/990v3GkIiZou0zVnCzEiqqTSISJE/pVlFr5uT6pWjEPvcE23W2d5dtM7Z4+H\nXR3jPI4Ko/h3mPJu12v+Lm7lt4a26bGqaBOXqu/wXo4zkGkwOL8KOcCxtuvbKqk7\nVrUNvryTVEd6QQAAAQAKVREfl37yDiKFcjxtvHKAVUFjk334dygTrep34Ex2axv6\nGSTWn2y6RfGSAcMyKNrehpFd6e6CFvX0dDEWq+tNhDIGLBCRNY4J7gTG3IsqgiZQ\nw6kcmifZLpir/qqOhNlHH8o+xxJ681y8s1fc+xerw78PoXOhmbyVD8sI6QlrDNsu\ngnG4ACF54+suyEB4bICy992kob4X+e822xBd/Elu63MZTK4wEo7nELhBEVk7ngOt\nqwg+PonqywVpi2qngqxOFfcdQquxzN0e6+j6MkvA2Ie8iNDyxqLGh/Pa9rrKYPsx\n1CS9ZopG+rkm/adYSmDcm2fi67tIwgCBvsRxrtHkAAABAQDiux0jLfns2U/B2KBu\nRtkvbWFIa2xlKi4kKlx8pFXErdTNmX9NaqCylOUGAm5QP8z3+Lbs1Bh9pqIoHZRc\nurVhBTx5uj2XLx9XeLy80FIp2jPf/WsCK7DuxVavxTxlajBOpojVBXy8aQDLGbfm\nkQsrcCTobnXdOhhOeVvuJ1dTyJpMb+RCMrKqpoio3Rf1mUoyWj6hWdOz/FX9rRHj\ns5NbW73bVUPNapzcdn/0anwCGFGt5x7b8fAT+fYbIywbm4uTgcUdgsaCsajW5vGy\nFMBAtg5tLwic8mXRXJ7fgAK0JD8H/NDAU0gOapZLbOd4i+Q+J3jnERWztXxGfvwG\noywbAAABAQDI9mMTEe/yTF7nWWoYqW/d1BXiMIljHZYou/sEMHo9l93pfWcnErur\nHz9meVzFqZXQmPMoULArA2jbZHwYwu/4edID/OuulJtF/kuEchnxHf0mrX97UOe5\n6A25V+XVFMbMeWf3LQyvF+/00MhGoWd/Kdd0R3E/i5bBMCJVZIDLwLI0FgOhgxoC\nGx0TQP82Pz9Dc3azTcg+tCTg8I5mqLyT1EufMeV8mKljJbA/fh10Em9cjeQHrRbp\nKivCI2BKqNBc/D8g6Zd+QnHnWaCQ67YLK7xy0L+xdaKBgxQ4h2mfdDFJcZoL/hi1\nSZB4R55tvu/OipaoVqCpjKI46OCxEQbpAAAAAAEC\n-----END OPENSSH PRIVATE KEY-----\n",
            "private_key_pem": "-----BEGIN RSA PRIVATE KEY-----\nMIIJKAIBAAKCAgEAsfxmULvEI89+UbsuEdKr8rlxfMsor7EOfZ1FsATqQIQMKfHR\no//ZRsEz28P1Yg0UmuuXOyVZT5yNWLK/7LAb7TibTEoYjisO1gROpAS4k12nnhZS\nM6w9/xSF1zFFYoNpVQlYm97BOqMiRDVGwQMD4v9DFG229mZ3XsDIoCZFdMumTNjZ\ndTUO8RKeO5kjU1c0FbVP+nlKwCtDzxa30QRX3koUmY8PI9xxF51L28ZzT5MmEcUl\nNPIjWHmMbMHexWmZx2sZMWTBLzogJEP4BdZzBaDZDLvp/Gy5xEgbW6vMNEwC1Mk7\nOR6LUmi6kLJPigumjnl6TcI//4BRC3WfCqaFQzFy2UWTW+Xm5o+GoJHM6XsPH/Z/\ntCHYr7nAlrPWLiFC2ha9C20z8c0RYKDaABOopFZ+jnFLyC7wlZM7dtzgs8v0v5mo\n5LRqANI0iP1wizDwYWjHV5FmoC/5vp0UNHu9HurWKcSeCqybf0VBW6+wlfwjy3zw\nxj8UT87TLzkboWlj0GSkpafVFDKrHoxHb6cHChC9+sV6SNgENQa817LztYwt+5DZ\ncJqzI8KmJqqGoJxCt8EQb337gJsKhRVPP+BL4EVWsTwfa7B9pI12UlJCcjDU6P+1\nbThfnKIA4Q6X2DEIYnRp/zzMcVGH3GOJPbRMfg63qFRZQvl63R3NfnZWxpMCAwEA\nAQKCAgEAgHUuUy5xjXcAMHTr9ykZuQFmiy8FmmgrkTWlSjkB6LZlIRDKwZaydoKS\nrxZrT+0o5fcLG0EFiJPw4AeCxY0FWtz0GMeRmWoyNvy81Vwi6xk5FLv/cBPsWuGx\nB3MkJMm7iAhKz5Sh2XRMEvZwrnVCpN6ex2u4FXY2yUhShGOa1YT17ZjEufclZZCO\na21HNatGiDRoGNrZvIB9XEWFPXHpCSJmY74Aq106slRwn5pHNzN40nJ7PA9Wu1Be\nrU/vPIPO3ULK1/9j/nXxJLt5kp0IPxOsE6i8Y9cE7EkulacUptoFYRYrjDojS8MS\ng8Rt67Ak8cdzIhQEpJ8z3xVxR/qPSo8C0QhirXV6lqHCgtgsDA2z1RPytztlgMT7\nb4mcfxXWmEhMXXq0LH5HyF/zbkOFega45sgrzVhYKUE6ClKsB41MrBsDCMf/ccQ2\n0Wb/0qfEjQcChSdOTUi1LpU6yQ4Vkh4z4kJJNOyMAjjyS1OPPmZnE/qrAsh7/0B5\nEqLot9p5v58xIL0f5jscGnoCnT2qfl9U8olPREHvf/fdL9xpCImaLtM1ZwsxIqqk\n0iEiRP6VZRa+bk+qVoxD73BNt1tneXbTO2ePh10d4zyOCqP4d5jybtdr/i5u5beG\ntumxqmgTl6rv8F6OM5BpMDi/CjnAsbbr2yqpO1a1Db68k1RHekECggEBAOK7HSMt\n+ezZT8HYoG5G2S9tYUhrbGUqLiQqXHykVcSt1M2Zf01qoLKU5QYCblA/zPf4tuzU\nGH2moigdlFy6tWEFPHm6PZcvH1d4vLzQUinaM9/9awIrsO7FVq/FPGVqME6miNUF\nfLxpAMsZt+aRCytwJOhudd06GE55W+4nV1PImkxv5EIysqqmiKjdF/WZSjJaPqFZ\n07P8Vf2tEeOzk1tbvdtVQ81qnNx2f/RqfAIYUa3nHtvx8BP59hsjLBubi5OBxR2C\nxoKxqNbm8bIUwEC2Dm0vCJzyZdFcnt+AArQkPwf80MBTSA5qlkts53iL5D4neOcR\nFbO1fEZ+/AajLBsCggEBAMj2YxMR7/JMXudZahipb93UFeIwiWMdlii7+wQwej2X\n3el9ZycSu6sfP2Z5XMWpldCY8yhQsCsDaNtkfBjC7/h50gP8666Um0X+S4RyGfEd\n/Satf3tQ57noDblX5dUUxsx5Z/ctDK8X7/TQyEahZ38p13RHcT+LlsEwIlVkgMvA\nsjQWA6GDGgIbHRNA/zY/P0NzdrNNyD60JODwjmaovJPUS58x5XyYqWMlsD9+HXQS\nb1yN5AetFukqK8IjYEqo0Fz8PyDpl35CcedZoJDrtgsrvHLQv7F1ooGDFDiHaZ90\nMUlxmgv+GLVJkHhHnm2+786KlqhWoKmMojjo4LERBukCggEAdt/2CfDcHcNeXtsu\nWkNJMeWeYPL5tRzlbk7LiQo8cc9WSKnXJgbm1FrerUTvA6I/3C+J8SfO42pPkMrZ\nc7jsyj6Nk6EDE9ZAD4OdKT3sJkdidWkQBuZTcQ0EQ0odPWrsgwArs8yZtsszAEmu\nsvOPMKoun7LylxgTkGluurHjxmjiBXuQ6Ohd5r1D3410N2+0iCvqtHw9VBvUFhn8\nzC7l7rtuEqZk0zm3npt+wO5nsE2B3bTU6Cq0XjTrRRUu1ha6mo8qgyuC2xk81dfm\nFyFsH0GU1MgZMvigS6HNJo+eW0a5yX1TEdNYbz6RKGCkB/8In1HgwP2jLELWMrv3\ndZ9tywKCAQALlO+WzMTYYQBjMusDathwn2V3eLaiSLU7ucG4txaEcDkw2LJWNSUt\nsopT3JC1L5XbxMTWwPe2MucbJcplHu73kgXBhxUKJbRhL0uo4W6PT9wkG4GqWLpS\nI4aO9Prg8eaXKDQOscD2YlnI8TNppqmxUXcCU4+6StAwaBbCdx1ZIMzkZZRl/YlF\nL8zYLDnJJZH+0Cu6H7R3sKgjcpmyXu0nU+fbz+Na7+1rMmPa9Oi7pMhYPDE1JAua\n+nw1HxbQlrQTd9Inkm7RrwCjha3UTFFciXO95jv1/UKVVjmXHG7A6tBgXDS1ljpU\nUF4MIIyH5KYrcB9Iql1uCBXdU8aHTeTpAoIBAApVER+XfvIOIoVyPG28coBVQWOT\nffh3KBOt6nfgTHZrG/oZJNafbLpF8ZIBwzIo2t6GkV3p7oIW9fR0MRar602EMgYs\nEJE1jgnuBMbciyqCJlDDqRyaJ9kumKv+qo6E2Ucfyj7HEnrzXLyzV9z7F6vDvw+h\nc6GZvJUPywjpCWsM2y6CcbgAIXnj6y7IQHhsgLL33aShvhf57zbbEF38SW7rcxlM\nrjASjucQuEERWTueA62rCD4+ierLBWmLaqeCrE4V9x1Cq7HM3R7r6PoyS8DYh7yI\n0PLGosaH89r2uspg+zHUJL1mikb6uSb9p1hKYNybZ+Lru0jCAIG+xHGu0eQ=\n-----END RSA PRIVATE KEY-----\n",
            "private_key_pem_pkcs8": "-----BEGIN PRIVATE KEY-----\nMIIJQgIBADANBgkqhkiG9w0BAQEFAASCCSwwggkoAgEAAoICAQCx/GZQu8Qjz35R\nuy4R0qvyuXF8yyivsQ59nUWwBOpAhAwp8dGj/9lGwTPbw/ViDRSa65c7JVlPnI1Y\nsr/ssBvtOJtMShiOKw7WBE6kBLiTXaeeFlIzrD3/FIXXMUVig2lVCVib3sE6oyJE\nNUbBAwPi/0MUbbb2ZndewMigJkV0y6ZM2Nl1NQ7xEp47mSNTVzQVtU/6eUrAK0PP\nFrfRBFfeShSZjw8j3HEXnUvbxnNPkyYRxSU08iNYeYxswd7FaZnHaxkxZMEvOiAk\nQ/gF1nMFoNkMu+n8bLnESBtbq8w0TALUyTs5HotSaLqQsk+KC6aOeXpNwj//gFEL\ndZ8KpoVDMXLZRZNb5ebmj4agkczpew8f9n+0IdivucCWs9YuIULaFr0LbTPxzRFg\noNoAE6ikVn6OcUvILvCVkzt23OCzy/S/majktGoA0jSI/XCLMPBhaMdXkWagL/m+\nnRQ0e70e6tYpxJ4KrJt/RUFbr7CV/CPLfPDGPxRPztMvORuhaWPQZKSlp9UUMqse\njEdvpwcKEL36xXpI2AQ1BrzXsvO1jC37kNlwmrMjwqYmqoagnEK3wRBvffuAmwqF\nFU8/4EvgRVaxPB9rsH2kjXZSUkJyMNTo/7VtOF+cogDhDpfYMQhidGn/PMxxUYfc\nY4k9tEx+DreoVFlC+XrdHc1+dlbGkwIDAQABAoICAQCAdS5TLnGNdwAwdOv3KRm5\nAWaLLwWaaCuRNaVKOQHotmUhEMrBlrJ2gpKvFmtP7Sjl9wsbQQWIk/DgB4LFjQVa\n3PQYx5GZajI2/LzVXCLrGTkUu/9wE+xa4bEHcyQkybuICErPlKHZdEwS9nCudUKk\n3p7Ha7gVdjbJSFKEY5rVhPXtmMS59yVlkI5rbUc1q0aINGgY2tm8gH1cRYU9cekJ\nImZjvgCrXTqyVHCfmkc3M3jScns8D1a7UF6tT+88g87dQsrX/2P+dfEku3mSnQg/\nE6wTqLxj1wTsSS6VpxSm2gVhFiuMOiNLwxKDxG3rsCTxx3MiFASknzPfFXFH+o9K\njwLRCGKtdXqWocKC2CwMDbPVE/K3O2WAxPtviZx/FdaYSExderQsfkfIX/NuQ4V6\nBrjmyCvNWFgpQToKUqwHjUysGwMIx/9xxDbRZv/Sp8SNBwKFJ05NSLUulTrJDhWS\nHjPiQkk07IwCOPJLU48+ZmcT+qsCyHv/QHkSoui32nm/nzEgvR/mOxwaegKdPap+\nX1TyiU9EQe9/990v3GkIiZou0zVnCzEiqqTSISJE/pVlFr5uT6pWjEPvcE23W2d5\ndtM7Z4+HXR3jPI4Ko/h3mPJu12v+Lm7lt4a26bGqaBOXqu/wXo4zkGkwOL8KOcCx\ntuvbKqk7VrUNvryTVEd6QQKCAQEA4rsdIy357NlPwdigbkbZL21hSGtsZSouJCpc\nfKRVxK3UzZl/TWqgspTlBgJuUD/M9/i27NQYfaaiKB2UXLq1YQU8ebo9ly8fV3i8\nvNBSKdoz3/1rAiuw7sVWr8U8ZWowTqaI1QV8vGkAyxm35pELK3Ak6G513ToYTnlb\n7idXU8iaTG/kQjKyqqaIqN0X9ZlKMlo+oVnTs/xV/a0R47OTW1u921VDzWqc3HZ/\n9Gp8AhhRrece2/HwE/n2GyMsG5uLk4HFHYLGgrGo1ubxshTAQLYObS8InPJl0Vye\n34ACtCQ/B/zQwFNIDmqWS2zneIvkPid45xEVs7V8Rn78BqMsGwKCAQEAyPZjExHv\n8kxe51lqGKlv3dQV4jCJYx2WKLv7BDB6PZfd6X1nJxK7qx8/ZnlcxamV0JjzKFCw\nKwNo22R8GMLv+HnSA/zrrpSbRf5LhHIZ8R39Jq1/e1DnuegNuVfl1RTGzHln9y0M\nrxfv9NDIRqFnfynXdEdxP4uWwTAiVWSAy8CyNBYDoYMaAhsdE0D/Nj8/Q3N2s03I\nPrQk4PCOZqi8k9RLnzHlfJipYyWwP34ddBJvXI3kB60W6SorwiNgSqjQXPw/IOmX\nfkJx51mgkOu2Cyu8ctC/sXWigYMUOIdpn3QxSXGaC/4YtUmQeEeebb7vzoqWqFag\nqYyiOOjgsREG6QKCAQB23/YJ8Nwdw15e2y5aQ0kx5Z5g8vm1HOVuTsuJCjxxz1ZI\nqdcmBubUWt6tRO8Doj/cL4nxJ87jak+QytlzuOzKPo2ToQMT1kAPg50pPewmR2J1\naRAG5lNxDQRDSh09auyDACuzzJm2yzMASa6y848wqi6fsvKXGBOQaW66sePGaOIF\ne5Do6F3mvUPfjXQ3b7SIK+q0fD1UG9QWGfzMLuXuu24SpmTTObeem37A7mewTYHd\ntNToKrReNOtFFS7WFrqajyqDK4LbGTzV1+YXIWwfQZTUyBky+KBLoc0mj55bRrnJ\nfVMR01hvPpEoYKQH/wifUeDA/aMsQtYyu/d1n23LAoIBAAuU75bMxNhhAGMy6wNq\n2HCfZXd4tqJItTu5wbi3FoRwOTDYslY1JS2yilPckLUvldvExNbA97Yy5xslymUe\n7veSBcGHFQoltGEvS6jhbo9P3CQbgapYulIjho70+uDx5pcoNA6xwPZiWcjxM2mm\nqbFRdwJTj7pK0DBoFsJ3HVkgzORllGX9iUUvzNgsOcklkf7QK7oftHewqCNymbJe\n7SdT59vP41rv7WsyY9r06LukyFg8MTUkC5r6fDUfFtCWtBN30ieSbtGvAKOFrdRM\nUVyJc73mO/X9QpVWOZccbsDq0GBcNLWWOlRQXgwgjIfkpitwH0iqXW4IFd1TxodN\n5OkCggEAClURH5d+8g4ihXI8bbxygFVBY5N9+HcoE63qd+BMdmsb+hkk1p9sukXx\nkgHDMija3oaRXenughb19HQxFqvrTYQyBiwQkTWOCe4ExtyLKoImUMOpHJon2S6Y\nq/6qjoTZRx/KPscSevNcvLNX3PsXq8O/D6FzoZm8lQ/LCOkJawzbLoJxuAAheePr\nLshAeGyAsvfdpKG+F/nvNtsQXfxJbutzGUyuMBKO5xC4QRFZO54DrasIPj6J6ssF\naYtqp4KsThX3HUKrsczdHuvo+jJLwNiHvIjQ8saixofz2va6ymD7MdQkvWaKRvq5\nJv2nWEpg3Jtn4uu7SMIAgb7Eca7R5A==\n-----END PRIVATE KEY-----\n",
            "public_key_fingerprint_md5": "48:b4:ef:a4:99:32:da:56:df:f6:f8:6c:b3:04:5d:c2",
            "public_key_fingerprint_sha256": "SHA256:o9r4qq+q5tMJpjmc5HH6uDu8QA9iBlIE1omg4W1yWWI",
            "public_key_openssh": "ssh-rsa AAAAB3NzaC1yc2EAAAADAQABAAACAQCx/GZQu8Qjz35Ruy4R0qvyuXF8yyivsQ59nUWwBOpAhAwp8dGj/9lGwTPbw/ViDRSa65c7JVlPnI1Ysr/ssBvtOJtMShiOKw7WBE6kBLiTXaeeFlIzrD3/FIXXMUVig2lVCVib3sE6oyJENUbBAwPi/0MUbbb2ZndewMigJkV0y6ZM2Nl1NQ7xEp47mSNTVzQVtU/6eUrAK0PPFrfRBFfeShSZjw8j3HEXnUvbxnNPkyYRxSU08iNYeYxswd7FaZnHaxkxZMEvOiAkQ/gF1nMFoNkMu+n8bLnESBtbq8w0TALUyTs5HotSaLqQsk+KC6aOeXpNwj//gFELdZ8KpoVDMXLZRZNb5ebmj4agkczpew8f9n+0IdivucCWs9YuIULaFr0LbTPxzRFgoNoAE6ikVn6OcUvILvCVkzt23OCzy/S/majktGoA0jSI/XCLMPBhaMdXkWagL/m+nRQ0e70e6tYpxJ4KrJt/RUFbr7CV/CPLfPDGPxRPztMvORuhaWPQZKSlp9UUMqsejEdvpwcKEL36xXpI2AQ1BrzXsvO1jC37kNlwmrMjwqYmqoagnEK3wRBvffuAmwqFFU8/4EvgRVaxPB9rsH2kjXZSUkJyMNTo/7VtOF+cogDhDpfYMQhidGn/PMxxUYfcY4k9tEx+DreoVFlC+XrdHc1+dlbGkw==\n",
            "public_key_pem": "-----BEGIN PUBLIC KEY-----\nMIICIjANBgkqhkiG9w0BAQEFAAOCAg8AMIICCgKCAgEAsfxmULvEI89+UbsuEdKr\n8rlxfMsor7EOfZ1FsATqQIQMKfHRo//ZRsEz28P1Yg0UmuuXOyVZT5yNWLK/7LAb\n7TibTEoYjisO1gROpAS4k12nnhZSM6w9/xSF1zFFYoNpVQlYm97BOqMiRDVGwQMD\n4v9DFG229mZ3XsDIoCZFdMumTNjZdTUO8RKeO5kjU1c0FbVP+nlKwCtDzxa30QRX\n3koUmY8PI9xxF51L28ZzT5MmEcUlNPIjWHmMbMHexWmZx2sZMWTBLzogJEP4BdZz\nBaDZDLvp/Gy5xEgbW6vMNEwC1Mk7OR6LUmi6kLJPigumjnl6TcI//4BRC3WfCqaF\nQzFy2UWTW+Xm5o+GoJHM6XsPH/Z/tCHYr7nAlrPWLiFC2ha9C20z8c0RYKDaABOo\npFZ+jnFLyC7wlZM7dtzgs8v0v5mo5LRqANI0iP1wizDwYWjHV5FmoC/5vp0UNHu9\nHurWKcSeCqybf0VBW6+wlfwjy3zwxj8UT87TLzkboWlj0GSkpafVFDKrHoxHb6cH\nChC9+sV6SNgENQa817LztYwt+5DZcJqzI8KmJqqGoJxCt8EQb337gJsKhRVPP+BL\n4EVWsTwfa7B9pI12UlJCcjDU6P+1bThfnKIA4Q6X2DEIYnRp/zzMcVGH3GOJPbRM\nfg63qFRZQvl63R3NfnZWxpMCAwEAAQ==\n-----END PUBLIC KEY-----\n",
            "rsa_bits": 4096
          },
          "sensitive_attributes": []
        }
      ]
    },
    {
      "module": "module.lb",
      "mode": "managed",
      "type": "azurerm_lb",
      "name": "saplb",
      "provider": "provider[\"registry.terraform.io/hashicorp/azurerm\"]",
      "instances": [
        {
          "schema_version": 0,
          "attributes": {
            "edge_zone": "",
            "frontend_ip_configuration": [
              {
                "gateway_load_balancer_frontend_ip_configuration_id": "",
                "id": "/subscriptions/f8b9b693-fc66-4e1b-a547-110404abc3c3/resourceGroups/mysap2802aqdd/providers/Microsoft.Network/loadBalancers/saplb/frontendIPConfigurations/PublicIPAddress",
                "inbound_nat_rules": [],
                "load_balancer_rules": [],
                "name": "PublicIPAddress",
                "outbound_rules": [],
                "private_ip_address": "",
                "private_ip_address_allocation": "Dynamic",
                "private_ip_address_version": "",
                "public_ip_address_id": "/subscriptions/f8b9b693-fc66-4e1b-a547-110404abc3c3/resourceGroups/mysap2802aqdd/providers/Microsoft.Network/publicIPAddresses/sap-public-ip",
                "public_ip_prefix_id": "",
                "subnet_id": "",
                "zones": null
              }
            ],
            "id": "/subscriptions/f8b9b693-fc66-4e1b-a547-110404abc3c3/resourceGroups/mysap2802aqdd/providers/Microsoft.Network/loadBalancers/saplb",
            "location": "eastus",
            "name": "saplb",
            "private_ip_address": "",
            "private_ip_addresses": [],
            "resource_group_name": "mysap2802aqdd",
            "sku": "Standard",
            "sku_tier": "Regional",
            "tags": null,
            "timeouts": null
          },
          "sensitive_attributes": [],
          "private": "eyJlMmJmYjczMC1lY2FhLTExZTYtOGY4OC0zNDM2M2JjN2M0YzAiOnsiY3JlYXRlIjoxODAwMDAwMDAwMDAwLCJkZWxldGUiOjE4MDAwMDAwMDAwMDAsInJlYWQiOjMwMDAwMDAwMDAwMCwidXBkYXRlIjoxODAwMDAwMDAwMDAwfX0=",
          "dependencies": [
            "module.network.azurerm_public_ip.sappubip",
            "module.rg.azurerm_resource_group.saprg",
            "module.rg.random_string.sapid"
          ]
        }
      ]
    },
    {
      "module": "module.lb",
      "mode": "managed",
      "type": "azurerm_lb_backend_address_pool",
      "name": "bpepool",
      "provider": "provider[\"registry.terraform.io/hashicorp/azurerm\"]",
      "instances": [
        {
          "schema_version": 0,
          "attributes": {
            "backend_ip_configurations": [],
            "id": "/subscriptions/f8b9b693-fc66-4e1b-a547-110404abc3c3/resourceGroups/mysap2802aqdd/providers/Microsoft.Network/loadBalancers/saplb/backendAddressPools/BackEndAddressPool",
            "inbound_nat_rules": [],
            "load_balancing_rules": [],
            "loadbalancer_id": "/subscriptions/f8b9b693-fc66-4e1b-a547-110404abc3c3/resourceGroups/mysap2802aqdd/providers/Microsoft.Network/loadBalancers/saplb",
            "name": "BackEndAddressPool",
            "outbound_rules": [],
            "timeouts": null,
            "tunnel_interface": [],
            "virtual_network_id": ""
          },
          "sensitive_attributes": [],
          "private": "eyJlMmJmYjczMC1lY2FhLTExZTYtOGY4OC0zNDM2M2JjN2M0YzAiOnsiY3JlYXRlIjoxODAwMDAwMDAwMDAwLCJkZWxldGUiOjE4MDAwMDAwMDAwMDAsInJlYWQiOjMwMDAwMDAwMDAwMCwidXBkYXRlIjoxODAwMDAwMDAwMDAwfX0=",
          "dependencies": [
            "module.lb.azurerm_lb.saplb",
            "module.network.azurerm_public_ip.sappubip",
            "module.rg.azurerm_resource_group.saprg",
            "module.rg.random_string.sapid"
          ]
        }
      ]
    },
    {
      "module": "module.lb",
      "mode": "managed",
      "type": "azurerm_lb_nat_rule",
      "name": "lbnatrule",
      "provider": "provider[\"registry.terraform.io/hashicorp/azurerm\"]",
      "instances": [
        {
          "schema_version": 0,
          "attributes": {
            "backend_address_pool_id": "/subscriptions/f8b9b693-fc66-4e1b-a547-110404abc3c3/resourceGroups/mysap2802aqdd/providers/Microsoft.Network/loadBalancers/saplb/backendAddressPools/BackEndAddressPool",
            "backend_ip_configuration_id": "",
            "backend_port": 22,
            "enable_floating_ip": false,
            "enable_tcp_reset": false,
            "frontend_ip_configuration_id": "/subscriptions/f8b9b693-fc66-4e1b-a547-110404abc3c3/resourceGroups/mysap2802aqdd/providers/Microsoft.Network/loadBalancers/saplb/frontendIPConfigurations/PublicIPAddress",
            "frontend_ip_configuration_name": "PublicIPAddress",
            "frontend_port": 0,
            "frontend_port_end": 2005,
            "frontend_port_start": 2000,
            "id": "/subscriptions/f8b9b693-fc66-4e1b-a547-110404abc3c3/resourceGroups/mysap2802aqdd/providers/Microsoft.Network/loadBalancers/saplb/inboundNatRules/SSHAccess",
            "idle_timeout_in_minutes": 4,
            "loadbalancer_id": "/subscriptions/f8b9b693-fc66-4e1b-a547-110404abc3c3/resourceGroups/mysap2802aqdd/providers/Microsoft.Network/loadBalancers/saplb",
            "name": "SSHAccess",
            "protocol": "Tcp",
            "resource_group_name": "mysap2802aqdd",
            "timeouts": null
          },
          "sensitive_attributes": [],
          "private": "eyJlMmJmYjczMC1lY2FhLTExZTYtOGY4OC0zNDM2M2JjN2M0YzAiOnsiY3JlYXRlIjoxODAwMDAwMDAwMDAwLCJkZWxldGUiOjE4MDAwMDAwMDAwMDAsInJlYWQiOjMwMDAwMDAwMDAwMCwidXBkYXRlIjoxODAwMDAwMDAwMDAwfX0=",
          "dependencies": [
            "module.lb.azurerm_lb.saplb",
            "module.lb.azurerm_lb_backend_address_pool.bpepool",
            "module.network.azurerm_public_ip.sappubip",
            "module.rg.azurerm_resource_group.saprg",
            "module.rg.random_string.sapid"
          ]
        }
      ]
    },
    {
      "module": "module.lb",
      "mode": "managed",
      "type": "azurerm_lb_probe",
      "name": "sapprobe",
      "provider": "provider[\"registry.terraform.io/hashicorp/azurerm\"]",
      "instances": [
        {
          "schema_version": 0,
          "attributes": {
            "id": "/subscriptions/f8b9b693-fc66-4e1b-a547-110404abc3c3/resourceGroups/mysap2802aqdd/providers/Microsoft.Network/loadBalancers/saplb/probes/http-running-probe",
            "interval_in_seconds": 15,
            "load_balancer_rules": [],
            "loadbalancer_id": "/subscriptions/f8b9b693-fc66-4e1b-a547-110404abc3c3/resourceGroups/mysap2802aqdd/providers/Microsoft.Network/loadBalancers/saplb",
            "name": "http-running-probe",
            "number_of_probes": 2,
            "port": 8080,
            "probe_threshold": 1,
            "protocol": "Tcp",
            "request_path": "",
            "timeouts": null
          },
          "sensitive_attributes": [],
          "private": "eyJlMmJmYjczMC1lY2FhLTExZTYtOGY4OC0zNDM2M2JjN2M0YzAiOnsiY3JlYXRlIjoxODAwMDAwMDAwMDAwLCJkZWxldGUiOjE4MDAwMDAwMDAwMDAsInJlYWQiOjMwMDAwMDAwMDAwMCwidXBkYXRlIjoxODAwMDAwMDAwMDAwfX0=",
          "dependencies": [
            "module.lb.azurerm_lb.saplb",
            "module.network.azurerm_public_ip.sappubip",
            "module.rg.azurerm_resource_group.saprg",
            "module.rg.random_string.sapid"
          ]
        }
      ]
    },
    {
      "module": "module.lb",
      "mode": "managed",
      "type": "azurerm_lb_rule",
      "name": "lbrule",
      "provider": "provider[\"registry.terraform.io/hashicorp/azurerm\"]",
      "instances": [
        {
          "schema_version": 0,
          "attributes": {
            "backend_address_pool_ids": [
              "/subscriptions/f8b9b693-fc66-4e1b-a547-110404abc3c3/resourceGroups/mysap2802aqdd/providers/Microsoft.Network/loadBalancers/saplb/backendAddressPools/BackEndAddressPool"
            ],
            "backend_port": 8080,
            "disable_outbound_snat": false,
            "enable_floating_ip": false,
            "enable_tcp_reset": false,
            "frontend_ip_configuration_id": "/subscriptions/f8b9b693-fc66-4e1b-a547-110404abc3c3/resourceGroups/mysap2802aqdd/providers/Microsoft.Network/loadBalancers/saplb/frontendIPConfigurations/PublicIPAddress",
            "frontend_ip_configuration_name": "PublicIPAddress",
            "frontend_port": 80,
            "id": "/subscriptions/f8b9b693-fc66-4e1b-a547-110404abc3c3/resourceGroups/mysap2802aqdd/providers/Microsoft.Network/loadBalancers/saplb/loadBalancingRules/http",
            "idle_timeout_in_minutes": 4,
            "load_distribution": "Default",
            "loadbalancer_id": "/subscriptions/f8b9b693-fc66-4e1b-a547-110404abc3c3/resourceGroups/mysap2802aqdd/providers/Microsoft.Network/loadBalancers/saplb",
            "name": "http",
            "probe_id": "/subscriptions/f8b9b693-fc66-4e1b-a547-110404abc3c3/resourceGroups/mysap2802aqdd/providers/Microsoft.Network/loadBalancers/saplb/probes/http-running-probe",
            "protocol": "Tcp",
            "timeouts": null
          },
          "sensitive_attributes": [],
          "private": "eyJlMmJmYjczMC1lY2FhLTExZTYtOGY4OC0zNDM2M2JjN2M0YzAiOnsiY3JlYXRlIjoxODAwMDAwMDAwMDAwLCJkZWxldGUiOjE4MDAwMDAwMDAwMDAsInJlYWQiOjMwMDAwMDAwMDAwMCwidXBkYXRlIjoxODAwMDAwMDAwMDAwfX0=",
          "dependencies": [
            "module.lb.azurerm_lb.saplb",
            "module.lb.azurerm_lb_backend_address_pool.bpepool",
            "module.lb.azurerm_lb_probe.sapprobe",
            "module.network.azurerm_public_ip.sappubip",
            "module.rg.azurerm_resource_group.saprg",
            "module.rg.random_string.sapid"
          ]
        }
      ]
    },
    {
      "module": "module.network",
      "mode": "managed",
      "type": "azurerm_public_ip",
      "name": "sappubip",
      "provider": "provider[\"registry.terraform.io/hashicorp/azurerm\"]",
      "instances": [
        {
          "schema_version": 0,
          "attributes": {
            "allocation_method": "Static",
            "ddos_protection_mode": "VirtualNetworkInherited",
            "ddos_protection_plan_id": null,
            "domain_name_label": "mypublicipsapient",
            "edge_zone": "",
            "fqdn": "mypublicipsapient.eastus.cloudapp.azure.com",
            "id": "/subscriptions/f8b9b693-fc66-4e1b-a547-110404abc3c3/resourceGroups/mysap2802aqdd/providers/Microsoft.Network/publicIPAddresses/sap-public-ip",
            "idle_timeout_in_minutes": 4,
            "ip_address": "20.124.178.111",
            "ip_tags": null,
            "ip_version": "IPv4",
            "location": "eastus",
            "name": "sap-public-ip",
            "public_ip_prefix_id": null,
            "resource_group_name": "mysap2802aqdd",
            "reverse_fqdn": "",
            "sku": "Standard",
            "sku_tier": "Regional",
            "tags": null,
            "timeouts": null,
            "zones": null
          },
          "sensitive_attributes": [],
          "private": "eyJlMmJmYjczMC1lY2FhLTExZTYtOGY4OC0zNDM2M2JjN2M0YzAiOnsiY3JlYXRlIjoxODAwMDAwMDAwMDAwLCJkZWxldGUiOjE4MDAwMDAwMDAwMDAsInJlYWQiOjMwMDAwMDAwMDAwMCwidXBkYXRlIjoxODAwMDAwMDAwMDAwfX0=",
          "dependencies": [
            "module.rg.azurerm_resource_group.saprg",
            "module.rg.random_string.sapid"
          ]
        }
      ]
    },
    {
      "module": "module.network",
      "mode": "managed",
      "type": "azurerm_subnet",
      "name": "sapsubnet",
      "provider": "provider[\"registry.terraform.io/hashicorp/azurerm\"]",
      "instances": [
        {
          "schema_version": 0,
          "attributes": {
            "address_prefixes": [
              "10.0.1.0/24"
            ],
            "delegation": [],
            "enforce_private_link_endpoint_network_policies": false,
            "enforce_private_link_service_network_policies": false,
            "id": "/subscriptions/f8b9b693-fc66-4e1b-a547-110404abc3c3/resourceGroups/mysap2802aqdd/providers/Microsoft.Network/virtualNetworks/sapvnet/subnets/sapsubnet",
            "name": "sapsubnet",
            "private_endpoint_network_policies_enabled": true,
            "private_link_service_network_policies_enabled": true,
            "resource_group_name": "mysap2802aqdd",
            "service_endpoint_policy_ids": null,
            "service_endpoints": null,
            "timeouts": null,
            "virtual_network_name": "sapvnet"
          },
          "sensitive_attributes": [],
          "private": "eyJlMmJmYjczMC1lY2FhLTExZTYtOGY4OC0zNDM2M2JjN2M0YzAiOnsiY3JlYXRlIjoxODAwMDAwMDAwMDAwLCJkZWxldGUiOjE4MDAwMDAwMDAwMDAsInJlYWQiOjMwMDAwMDAwMDAwMCwidXBkYXRlIjoxODAwMDAwMDAwMDAwfX0=",
          "dependencies": [
            "module.network.azurerm_virtual_network.sapvnet",
            "module.rg.azurerm_resource_group.saprg",
            "module.rg.random_string.sapid"
          ]
        }
      ]
    },
    {
      "module": "module.network",
      "mode": "managed",
      "type": "azurerm_virtual_network",
      "name": "sapvnet",
      "provider": "provider[\"registry.terraform.io/hashicorp/azurerm\"]",
      "instances": [
        {
          "schema_version": 0,
          "attributes": {
            "address_space": [
              "10.0.0.0/16"
            ],
            "bgp_community": "",
            "ddos_protection_plan": [],
            "dns_servers": [],
            "edge_zone": "",
            "flow_timeout_in_minutes": 0,
            "guid": "ab671c2f-698e-4bff-a297-e0171ba89c86",
            "id": "/subscriptions/f8b9b693-fc66-4e1b-a547-110404abc3c3/resourceGroups/mysap2802aqdd/providers/Microsoft.Network/virtualNetworks/sapvnet",
            "location": "eastus",
            "name": "sapvnet",
            "resource_group_name": "mysap2802aqdd",
            "subnet": [],
            "tags": null,
            "timeouts": null
          },
          "sensitive_attributes": [],
          "private": "eyJlMmJmYjczMC1lY2FhLTExZTYtOGY4OC0zNDM2M2JjN2M0YzAiOnsiY3JlYXRlIjoxODAwMDAwMDAwMDAwLCJkZWxldGUiOjE4MDAwMDAwMDAwMDAsInJlYWQiOjMwMDAwMDAwMDAwMCwidXBkYXRlIjoxODAwMDAwMDAwMDAwfX0=",
          "dependencies": [
            "module.rg.azurerm_resource_group.saprg",
            "module.rg.random_string.sapid"
          ]
        }
      ]
    },
    {
      "module": "module.nsg",
      "mode": "managed",
      "type": "azurerm_network_security_group",
      "name": "sapnsg",
      "provider": "provider[\"registry.terraform.io/hashicorp/azurerm\"]",
      "instances": [
        {
          "schema_version": 0,
          "attributes": {
            "id": "/subscriptions/f8b9b693-fc66-4e1b-a547-110404abc3c3/resourceGroups/mysap2802aqdd/providers/Microsoft.Network/networkSecurityGroups/ssh-nsg",
            "location": "eastus",
            "name": "ssh-nsg",
            "resource_group_name": "mysap2802aqdd",
            "security_rule": [
              {
                "access": "Allow",
                "description": "",
                "destination_address_prefix": "*",
                "destination_address_prefixes": [],
                "destination_application_security_group_ids": [],
                "destination_port_range": "22",
                "destination_port_ranges": [],
                "direction": "Inbound",
                "name": "sshaccess",
                "priority": 100,
                "protocol": "Tcp",
                "source_address_prefix": "*",
                "source_address_prefixes": [],
                "source_application_security_group_ids": [],
                "source_port_range": "*",
                "source_port_ranges": []
              },
              {
                "access": "Allow",
                "description": "",
                "destination_address_prefix": "*",
                "destination_address_prefixes": [],
                "destination_application_security_group_ids": [],
                "destination_port_range": "8080",
                "destination_port_ranges": [],
                "direction": "Inbound",
                "name": "http",
                "priority": 101,
                "protocol": "Tcp",
                "source_address_prefix": "*",
                "source_address_prefixes": [],
                "source_application_security_group_ids": [],
                "source_port_range": "*",
                "source_port_ranges": []
              }
            ],
            "tags": null,
            "timeouts": null
          },
          "sensitive_attributes": [],
          "private": "eyJlMmJmYjczMC1lY2FhLTExZTYtOGY4OC0zNDM2M2JjN2M0YzAiOnsiY3JlYXRlIjoxODAwMDAwMDAwMDAwLCJkZWxldGUiOjE4MDAwMDAwMDAwMDAsInJlYWQiOjMwMDAwMDAwMDAwMCwidXBkYXRlIjoxODAwMDAwMDAwMDAwfX0=",
          "dependencies": [
            "module.rg.azurerm_resource_group.saprg",
            "module.rg.random_string.sapid"
          ]
        }
      ]
    },
    {
      "module": "module.rg",
      "mode": "managed",
      "type": "azurerm_resource_group",
      "name": "saprg",
      "provider": "provider[\"registry.terraform.io/hashicorp/azurerm\"]",
      "instances": [
        {
          "schema_version": 0,
          "attributes": {
            "id": "/subscriptions/f8b9b693-fc66-4e1b-a547-110404abc3c3/resourceGroups/mysap2802aqdd",
            "location": "eastus",
            "name": "mysap2802aqdd",
            "tags": null,
            "timeouts": null
          },
          "sensitive_attributes": [],
          "private": "eyJlMmJmYjczMC1lY2FhLTExZTYtOGY4OC0zNDM2M2JjN2M0YzAiOnsiY3JlYXRlIjo1NDAwMDAwMDAwMDAwLCJkZWxldGUiOjU0MDAwMDAwMDAwMDAsInJlYWQiOjMwMDAwMDAwMDAwMCwidXBkYXRlIjo1NDAwMDAwMDAwMDAwfX0=",
          "dependencies": [
            "module.rg.random_string.sapid"
          ]
        }
      ]
    },
    {
      "module": "module.rg",
      "mode": "managed",
      "type": "random_string",
      "name": "sapid",
      "provider": "provider[\"registry.terraform.io/hashicorp/random\"]",
      "instances": [
        {
          "schema_version": 2,
          "attributes": {
            "id": "aqdd",
            "keepers": null,
            "length": 4,
            "lower": true,
            "min_lower": 0,
            "min_numeric": 0,
            "min_special": 0,
            "min_upper": 0,
            "number": true,
            "numeric": true,
            "override_special": null,
            "result": "aqdd",
            "special": false,
            "upper": false
          },
          "sensitive_attributes": []
        }
      ]
    }
  ],
  "check_results": null
}
